
Microsoft Visual Studio Solution File, Format Version 12.00
# Visual Studio Version 17
VisualStudioVersion = 17.0.31912.275
MinimumVisualStudioVersion = 10.0.40219.1
Project("{FAE04EC0-301F-11D3-BF4B-00C04F79EFBC}") = "ChromeDriverUpdater", "ChromeDriverUpdater\ChromeDriverUpdater.csproj", "{059816A2-58CF-4C1B-89D1-ECE1B2A88841}"
EndProject
Global
	GlobalSection(SolutionConfigurationPlatforms) = preSolution
		Debug|Any CPU = Debug|Any CPU
		Release|Any CPU = Release|Any CPU
	EndGlobalSection
	GlobalSection(ProjectConfigurationPlatforms) = postSolution
		{059816A2-58CF-4C1B-89D1-ECE1B2A88841}.Debug|Any CPU.ActiveCfg = Debug|Any CPU
		{059816A2-58CF-4C1B-89D1-ECE1B2A88841}.Debug|Any CPU.Build.0 = Debug|Any CPU
		{059816A2-58CF-4C1B-89D1-ECE1B2A88841}.Release|Any CPU.ActiveCfg = Release|Any CPU
		{059816A2-58CF-4C1B-89D1-ECE1B2A88841}.Release|Any CPU.Build.0 = Release|Any CPU
	EndGlobalSection
	GlobalSection(SolutionProperties) = preSolution
		HideSolutionNode = FALSE
	EndGlobalSection
	GlobalSection(ExtensibilityGlobals) = postSolution
		SolutionGuid = {907749AB-3E84-4977-AFA3-152B8844E146}
	EndGlobalSection
EndGlobal
